Microsoft Visual Studio Solution File, Format Version 12.00
# Visual Studio Version 17
VisualStudioVersion = 17.5.33502.453
MinimumVisualStudioVersion = 10.0.40219.1
Project("{2150E333-8FDC-42A3-9474-1A3956D46DE8}") = "stuff", "stuff", "{1ABDD7C1-1F8D-402D-8692-3E4B66962DE0}"
	ProjectSection(SolutionItems) = preProject
		appveyor.yml = appveyor.yml
		CHANGELOG.md = CHANGELOG.md
		CONTRIBUTING.md = CONTRIBUTING.md
		LICENSE.md = LICENSE.md
		README.md = README.md
	EndProjectSection
EndProject
Project("{9A19103F-16F7-4668-BE54-9A1E7A4F7556}") = "Rebus.Hyperion", "Rebus.Hyperion\Rebus.Hyperion.csproj", "{A64E319B-1960-4E88-8F2A-0C485A36B211}"
EndProject
Project("{9A19103F-16F7-4668-BE54-9A1E7A4F7556}") = "Rebus.Hyperion.Tests", "Rebus.Hyperion.Tests\Rebus.Hyperion.Tests.csproj", "{39D2CA83-2681-451B-831D-70799612B378}"
EndProject
Global
	GlobalSection(SolutionConfigurationPlatforms) = preSolution
		Debug|Any CPU = Debug|Any CPU
		Release|Any CPU = Release|Any CPU
	EndGlobalSection
	GlobalSection(ProjectConfigurationPlatforms) = postSolution
		{A64E319B-1960-4E88-8F2A-0C485A36B211}.Debug|Any CPU.ActiveCfg = Debug|Any CPU
		{A64E319B-1960-4E88-8F2A-0C485A36B211}.Debug|Any CPU.Build.0 = Debug|Any CPU
		{A64E319B-1960-4E88-8F2A-0C485A36B211}.Release|Any CPU.ActiveCfg = Release|Any CPU
		{A64E319B-1960-4E88-8F2A-0C485A36B211}.Release|Any CPU.Build.0 = Release|Any CPU
		{39D2CA83-2681-451B-831D-70799612B378}.Debug|Any CPU.ActiveCfg = Debug|Any CPU
		{39D2CA83-2681-451B-831D-70799612B378}.Debug|Any CPU.Build.0 = Debug|Any CPU
		{39D2CA83-2681-451B-831D-70799612B378}.Release|Any CPU.ActiveCfg = Release|Any CPU
		{39D2CA83-2681-451B-831D-70799612B378}.Release|Any CPU.Build.0 = Release|Any CPU
	EndGlobalSection
	GlobalSection(SolutionProperties) = preSolution
		HideSolutionNode = FALSE
	EndGlobalSection
	GlobalSection(ExtensibilityGlobals) = postSolution
		SolutionGuid = {FE521B99-C632-4649-9C40-0F3C150D4270}
	EndGlobalSection
EndGlobal
